
Microsoft Visual Studio Solution File, Format Version 12.00
# Visual Studio Version 16
VisualStudioVersion = 16.0.29403.142
MinimumVisualStudioVersion = 10.0.40219.1
Project("{FAE04EC0-301F-11D3-BF4B-00C04F79EFBC}") = "secondlab_secondtask", "secondlab_secondtask\secondlab_secondtask.csproj", "{BFD7815C-35B8-41F7-B130-8BF02CE2D6AB}"
EndProject
Project("{FAE04EC0-301F-11D3-BF4B-00C04F79EFBC}") = "SecondLab", "..\SecondLab\SecondLab\SecondLab.csproj", "{C44F7060-20DB-4A32-9AC2-9D133DAC5E98}"
EndProject
Global
	GlobalSection(SolutionConfigurationPlatforms) = preSolution
		Debug|Any CPU = Debug|Any CPU
		Release|Any CPU = Release|Any CPU
	EndGlobalSection
	GlobalSection(ProjectConfigurationPlatforms) = postSolution
		{BFD7815C-35B8-41F7-B130-8BF02CE2D6AB}.Debug|Any CPU.ActiveCfg = Debug|Any CPU
		{BFD7815C-35B8-41F7-B130-8BF02CE2D6AB}.Debug|Any CPU.Build.0 = Debug|Any CPU
		{BFD7815C-35B8-41F7-B130-8BF02CE2D6AB}.Release|Any CPU.ActiveCfg = Release|Any CPU
		{BFD7815C-35B8-41F7-B130-8BF02CE2D6AB}.Release|Any CPU.Build.0 = Release|Any CPU
		{C44F7060-20DB-4A32-9AC2-9D133DAC5E98}.Debug|Any CPU.ActiveCfg = Debug|Any CPU
		{C44F7060-20DB-4A32-9AC2-9D133DAC5E98}.Debug|Any CPU.Build.0 = Debug|Any CPU
		{C44F7060-20DB-4A32-9AC2-9D133DAC5E98}.Release|Any CPU.ActiveCfg = Release|Any CPU
		{C44F7060-20DB-4A32-9AC2-9D133DAC5E98}.Release|Any CPU.Build.0 = Release|Any CPU
	EndGlobalSection
	GlobalSection(SolutionProperties) = preSolution
		HideSolutionNode = FALSE
	EndGlobalSection
	GlobalSection(ExtensibilityGlobals) = postSolution
		SolutionGuid = {CE497A15-82F3-44B7-B315-C30CE0553284}
	EndGlobalSection
EndGlobal
